# This file is @generated by PDM.
# It is not intended for manual editing.

[[package]]
name = "black"
version = "23.7.0"
requires_python = ">=3.8"
summary = "The uncompromising code formatter."
dependencies = [
    "click>=8.0.0",
    "mypy-extensions>=0.4.3",
    "packaging>=22.0",
    "pathspec>=0.9.0",
    "platformdirs>=2",
    "tomli>=1.1.0; python_version < \"3.11\"",
]

[[package]]
name = "cfgv"
version = "3.3.1"
requires_python = ">=3.6.1"
summary = "Validate configuration and produce human readable error messages."

[[package]]
name = "click"
version = "8.1.6"
requires_python = ">=3.7"
summary = "Composable command line interface toolkit"
dependencies = [
    "colorama; platform_system == \"Windows\"",
]

[[package]]
name = "colorama"
version = "0.4.6"
requires_python = "!=3.0.*,!=3.1.*,!=3.2.*,!=3.3.*,!=3.4.*,!=3.5.*,!=3.6.*,>=2.7"
summary = "Cross-platform colored terminal text."

[[package]]
name = "dearpygui"
version = "1.9.1"
requires_python = ">=3.7"
summary = "DearPyGui: A simple Python GUI Toolkit"

[[package]]
name = "distlib"
version = "0.3.7"
summary = "Distribution utilities"

[[package]]
name = "exceptiongroup"
version = "1.1.2"
requires_python = ">=3.7"
summary = "Backport of PEP 654 (exception groups)"

[[package]]
name = "filelock"
version = "3.12.2"
requires_python = ">=3.7"
summary = "A platform independent file lock."

[[package]]
name = "identify"
version = "2.5.26"
requires_python = ">=3.8"
summary = "File identification library for Python"

[[package]]
name = "iniconfig"
version = "2.0.0"
requires_python = ">=3.7"
summary = "brain-dead simple config-ini parsing"

[[package]]
name = "mypy-extensions"
version = "1.0.0"
requires_python = ">=3.5"
summary = "Type system extensions for programs checked with the mypy type checker."

[[package]]
name = "nodeenv"
version = "1.8.0"
requires_python = ">=2.7,!=3.0.*,!=3.1.*,!=3.2.*,!=3.3.*,!=3.4.*,!=3.5.*,!=3.6.*"
summary = "Node.js virtual environment builder"
dependencies = [
    "setuptools",
]

[[package]]
name = "numpy"
version = "1.25.2"
requires_python = ">=3.9"
summary = "Fundamental package for array computing in Python"

[[package]]
name = "opencv-python"
version = "4.8.0.76"
requires_python = ">=3.6"
summary = "Wrapper package for OpenCV python bindings."
dependencies = [
    "numpy>=1.17.0; python_version >= \"3.7\"",
    "numpy>=1.17.3; python_version >= \"3.8\"",
    "numpy>=1.19.3; python_version >= \"3.6\" and platform_system == \"Linux\" and platform_machine == \"aarch64\"",
    "numpy>=1.19.3; python_version >= \"3.9\"",
    "numpy>=1.21.2; python_version >= \"3.10\"",
    "numpy>=1.21.4; python_version >= \"3.10\" and platform_system == \"Darwin\"",
    "numpy>=1.23.5; python_version >= \"3.11\"",
]

[[package]]
name = "packaging"
version = "23.1"
requires_python = ">=3.7"
summary = "Core utilities for Python packages"

[[package]]
name = "pathspec"
version = "0.11.2"
requires_python = ">=3.7"
summary = "Utility library for gitignore style pattern matching of file paths."

[[package]]
name = "platformdirs"
version = "3.10.0"
requires_python = ">=3.7"
summary = "A small Python package for determining appropriate platform-specific dirs, e.g. a \"user data dir\"."

[[package]]
name = "pluggy"
version = "1.2.0"
requires_python = ">=3.7"
summary = "plugin and hook calling mechanisms for python"

[[package]]
name = "pre-commit"
version = "3.3.3"
requires_python = ">=3.8"
summary = "A framework for managing and maintaining multi-language pre-commit hooks."
dependencies = [
    "cfgv>=2.0.0",
    "identify>=1.0.0",
    "nodeenv>=0.11.1",
    "pyyaml>=5.1",
    "virtualenv>=20.10.0",
]

[[package]]
name = "pytest"
version = "7.4.0"
requires_python = ">=3.7"
summary = "pytest: simple powerful testing with Python"
dependencies = [
    "colorama; sys_platform == \"win32\"",
    "exceptiongroup>=1.0.0rc8; python_version < \"3.11\"",
    "iniconfig",
    "packaging",
    "pluggy<2.0,>=0.12",
    "tomli>=1.0.0; python_version < \"3.11\"",
]

[[package]]
name = "pyupgrade"
version = "3.10.1"
requires_python = ">=3.8.1"
summary = "A tool to automatically upgrade syntax for newer versions."
dependencies = [
    "tokenize-rt>=5.2.0",
]

[[package]]
name = "pyyaml"
version = "6.0.1"
requires_python = ">=3.6"
summary = "YAML parser and emitter for Python"

[[package]]
name = "setuptools"
version = "68.0.0"
requires_python = ">=3.7"
summary = "Easily download, build, install, upgrade, and uninstall Python packages"

[[package]]
name = "tokenize-rt"
version = "5.2.0"
requires_python = ">=3.8"
summary = "A wrapper around the stdlib `tokenize` which roundtrips."

[[package]]
name = "tomli"
version = "2.0.1"
requires_python = ">=3.7"
summary = "A lil' TOML parser"

[[package]]
name = "virtualenv"
version = "20.24.2"
requires_python = ">=3.7"
summary = "Virtual Python Environment builder"
dependencies = [
    "distlib<1,>=0.3.7",
    "filelock<4,>=3.12.2",
    "platformdirs<4,>=3.9.1",
]

[metadata]
lock_version = "4.1"
content_hash = "sha256:c0f682f4221eac56f4a9dd794274bbd89548b833b66dc2733924538c6c2ed42d"

[metadata.files]
"black 23.7.0" = [
    {url = "https://files.pythonhosted.org/packages/09/16/ec8d08d2501a39258955c16fccb55a02faa6ef44190ca9fb0b88be0f494d/black-23.7.0-cp39-cp39-manylinux_2_17_x86_64.manylinux2014_x86_64.whl", hash = "sha256:642496b675095d423f9b8448243336f8ec71c9d4d57ec17bf795b67f08132a91"},
    {url = "https://files.pythonhosted.org/packages/10/bb/025dced0f7a2c00c59810700fbdab877b9a49cf817383133b79b0df5f0fe/black-23.7.0-cp310-cp310-macosx_10_16_universal2.whl", hash = "sha256:552513d5cd5694590d7ef6f46e1767a4df9af168d449ff767b13b084c020e63f"},
    {url = "https://files.pythonhosted.org/packages/13/93/b62741e817592e9dbb29935bb30daf3d7ad089dcb347e240271fe687b513/black-23.7.0-cp39-cp39-macosx_10_16_arm64.whl", hash = "sha256:8417dbd2f57b5701492cd46edcecc4f9208dc75529bcf76c514864e48da867d9"},
    {url = "https://files.pythonhosted.org/packages/32/00/70def913a7a3f870a03e469e733c53ca016e2bf8cadf90b7bc09b98022d1/black-23.7.0-cp39-cp39-macosx_10_16_universal2.whl", hash = "sha256:47e56d83aad53ca140da0af87678fb38e44fd6bc0af71eebab2d1f59b1acf1d3"},
    {url = "https://files.pythonhosted.org/packages/32/df/1d4ca6b76b0a077599b133b9c9dceea0b465938170043d886d4821809d40/black-23.7.0-py3-none-any.whl", hash = "sha256:9fd59d418c60c0348505f2ddf9609c1e1de8e7493eab96198fc89d9f865e7a96"},
    {url = "https://files.pythonhosted.org/packages/4c/a5/e9f138d6bacc9f31906cbd5afe674ed2c48c59f5a7e46bcc466d760cd375/black-23.7.0-cp311-cp311-macosx_10_16_arm64.whl", hash = "sha256:b5b0ee6d96b345a8b420100b7d71ebfdd19fab5e8301aff48ec270042cd40ac2"},
    {url = "https://files.pythonhosted.org/packages/4d/24/06c20da91df8d0b0f67e2dd3ce0feedff0b0fa6792e24e3f83452f3c38a2/black-23.7.0-cp311-cp311-manylinux_2_17_x86_64.manylinux2014_x86_64.whl", hash = "sha256:831d8f54c3a8c8cf55f64d0422ee875eecac26f5f649fb6c1df65316b67c8926"},
    {url = "https://files.pythonhosted.org/packages/51/32/4dacd14494e60d93cbfaea023f9a82c1db998ddfa5a359afeaf5e2c11f8c/black-23.7.0-cp311-cp311-macosx_10_16_x86_64.whl", hash = "sha256:c333286dc3ddca6fdff74670b911cccedacb4ef0a60b34e491b8a67c833b343a"},
    {url = "https://files.pythonhosted.org/packages/51/7a/ede3fec916bb5c00005a16e60c3be9d00b076f462ee38e7b396c5fea3411/black-23.7.0-cp311-cp311-win_amd64.whl", hash = "sha256:7f3bf2dec7d541b4619b8ce526bda74a6b0bffc480a163fed32eb8b3c9aed8ad"},
    {url = "https://files.pythonhosted.org/packages/5d/f8/76aec9b0d1eb3ac1ba3c1a143eb8fa4813b8a80a59d07fe0a8e7e914ae55/black-23.7.0-cp38-cp38-macosx_10_16_universal2.whl", hash = "sha256:01ede61aac8c154b55f35301fac3e730baf0c9cf8120f65a9cd61a81cfb4a0c3"},
    {url = "https://files.pythonhosted.org/packages/7f/1a/9e58b91b6f4ecd552de530b2309b5da32cf41e2fc116c0807c0960a96708/black-23.7.0-cp39-cp39-macosx_10_16_x86_64.whl", hash = "sha256:25cc308838fe71f7065df53aedd20327969d05671bac95b38fdf37ebe70ac087"},
    {url = "https://files.pythonhosted.org/packages/8e/6f/67b20e7bd900b88cd4710fb5061e79740f360677f094271d73cbcaace43c/black-23.7.0-cp38-cp38-macosx_10_16_x86_64.whl", hash = "sha256:327a8c2550ddc573b51e2c352adb88143464bb9d92c10416feb86b0f5aee5ff6"},
    {url = "https://files.pythonhosted.org/packages/90/65/742e1dbcced37750a5c6bd450eb2ecd2b3d8eced31918be6dc0e7c23caaf/black-23.7.0-cp310-cp310-macosx_10_16_arm64.whl", hash = "sha256:5c4bc552ab52f6c1c506ccae05681fab58c3f72d59ae6e6639e8885e94fe2587"},
    {url = "https://files.pythonhosted.org/packages/a7/a4/4ce0eeaccfd2665b2020cf759b05868f9be5e22a4f96b789417fce8ec57c/black-23.7.0-cp38-cp38-manylinux_2_17_x86_64.manylinux2014_x86_64.whl", hash = "sha256:6d1c6022b86f83b632d06f2b02774134def5d4d4f1dac8bef16d90cda18ba28a"},
    {url = "https://files.pythonhosted.org/packages/a8/9a/eb903dd74e3dbf04981b45465b64020936317273168b4be9647c435b0f65/black-23.7.0-cp38-cp38-macosx_10_16_arm64.whl", hash = "sha256:f9062af71c59c004cd519e2fb8f5d25d39e46d3af011b41ab43b9c74e27e236f"},
    {url = "https://files.pythonhosted.org/packages/ca/4e/6d625c4030280d7c8b17e014ad6a6ba434acd8c6bd86d8f375d6a1235dfe/black-23.7.0-cp311-cp311-macosx_10_16_universal2.whl", hash = "sha256:893695a76b140881531062d48476ebe4a48f5d1e9388177e175d76234ca247cd"},
    {url = "https://files.pythonhosted.org/packages/cd/89/748f5367f98f65a92cbe6b5542bb33f44fbac25f3d3d224509ac65955441/black-23.7.0-cp38-cp38-win_amd64.whl", hash = "sha256:27eb7a0c71604d5de083757fbdb245b1a4fae60e9596514c6ec497eb63f95320"},
    {url = "https://files.pythonhosted.org/packages/e4/17/a819f00990e8cf4e652186603ddc8d29477362da2b7717858732b6abd13d/black-23.7.0-cp310-cp310-manylinux_2_17_x86_64.manylinux2014_x86_64.whl", hash = "sha256:501387a9edcb75d7ae8a4412bb8749900386eaef258f1aefab18adddea1936bc"},
    {url = "https://files.pythonhosted.org/packages/e9/20/29d7a6614606785923edf9e8ec3ff630231992cc2fabc02eacb0d475372e/black-23.7.0.tar.gz", hash = "sha256:022a582720b0d9480ed82576c920a8c1dde97cc38ff11d8d8859b3bd6ca9eedb"},
    {url = "https://files.pythonhosted.org/packages/f1/7e/c8f9173e5142ff0a01e6e31b338cbda30b603a855cbb9ba7afd9552e8a36/black-23.7.0-cp39-cp39-win_amd64.whl", hash = "sha256:ad0014efc7acf0bd745792bd0d8857413652979200ab924fbf239062adc12491"},
    {url = "https://files.pythonhosted.org/packages/f4/5d/d92ee301ec03a78945bd5e9d750446449832a1bf2d12919f667baec7b404/black-23.7.0-cp310-cp310-win_amd64.whl", hash = "sha256:fb074d8b213749fa1d077d630db0d5f8cc3b2ae63587ad4116e8a436e9bbe995"},
    {url = "https://files.pythonhosted.org/packages/f5/07/24fc7f8381b18fb83adf619f137628da9993387e2a35616ee95cc4fccb5c/black-23.7.0-cp310-cp310-macosx_10_16_x86_64.whl", hash = "sha256:86cee259349b4448adb4ef9b204bb4467aae74a386bce85d56ba4f5dc0da27be"},
]
"cfgv 3.3.1" = [
    {url = "https://files.pythonhosted.org/packages/6d/82/0a0ebd35bae9981dea55c06f8e6aaf44a49171ad798795c72c6f64cba4c2/cfgv-3.3.1-py2.py3-none-any.whl", hash = "sha256:c6a0883f3917a037485059700b9e75da2464e6c27051014ad85ba6aaa5884426"},
    {url = "https://files.pythonhosted.org/packages/c4/bf/d0d622b660d414a47dc7f0d303791a627663f554345b21250e39e7acb48b/cfgv-3.3.1.tar.gz", hash = "sha256:f5a830efb9ce7a445376bb66ec94c638a9787422f96264c98edc6bdeed8ab736"},
]
"click 8.1.6" = [
    {url = "https://files.pythonhosted.org/packages/1a/70/e63223f8116931d365993d4a6b7ef653a4d920b41d03de7c59499962821f/click-8.1.6-py3-none-any.whl", hash = "sha256:fa244bb30b3b5ee2cae3da8f55c9e5e0c0e86093306301fb418eb9dc40fbded5"},
    {url = "https://files.pythonhosted.org/packages/72/bd/fedc277e7351917b6c4e0ac751853a97af261278a4c7808babafa8ef2120/click-8.1.6.tar.gz", hash = "sha256:48ee849951919527a045bfe3bf7baa8a959c423134e1a5b98c05c20ba75a1cbd"},
]
"colorama 0.4.6" = [
    {url = "https://files.pythonhosted.org/packages/d1/d6/3965ed04c63042e047cb6a3e6ed1a63a35087b6a609aa3a15ed8ac56c221/colorama-0.4.6-py2.py3-none-any.whl", hash = "sha256:4f1d9991f5acc0ca119f9d443620b77f9d6b33703e51011c16baf57afb285fc6"},
    {url = "https://files.pythonhosted.org/packages/d8/53/6f443c9a4a8358a93a6792e2acffb9d9d5cb0a5cfd8802644b7b1c9a02e4/colorama-0.4.6.tar.gz", hash = "sha256:08695f5cb7ed6e0531a20572697297273c47b8cae5a63ffc6d6ed5c201be6e44"},
]
"dearpygui 1.9.1" = [
    {url = "https://files.pythonhosted.org/packages/05/be/2ad829396b300aefe969c92dba5266a3d4f4ccd958da15fef52118161c50/dearpygui-1.9.1-cp37-cp37m-win_amd64.whl", hash = "sha256:1a05cc0adeb9cba19181eafe2418c1b6e2004624b350a619c0e7b3c92ff0966c"},
    {url = "https://files.pythonhosted.org/packages/17/c6/11a48ad6a944afc88de84265bf31568862398d7129524a1987ae43fa2da7/dearpygui-1.9.1-cp39-cp39-manylinux1_x86_64.whl", hash = "sha256:7394cba85ef6495091e7806c9a9b7ae03463d77a84b507329dc2d5a42e6581c7"},
    {url = "https://files.pythonhosted.org/packages/1e/91/bc4ba30903a98cc979b20c234ef59f2d87bf6f3ece3d91c18c36504914f5/dearpygui-1.9.1-cp38-cp38-macosx_10_6_x86_64.whl", hash = "sha256:d6d8fc7c6b8d97e972d4343b871ea789da39d89c9f7a5bb7bb106b4053fb1c69"},
    {url = "https://files.pythonhosted.org/packages/22/16/a5399bd3212231dc9c5baf4f0f4c00aa622aa1d2dcbbbd592a7271971161/dearpygui-1.9.1-cp37-cp37m-macosx_10_6_x86_64.whl", hash = "sha256:fa37c0f95a202fefba86e0f9e422357e24297f65554c06d8cf68b71b3671f278"},
    {url = "https://files.pythonhosted.org/packages/27/06/e47e87fb6bab117b7ce2a70516d943e380cb855eac4665b7d7eef8479d1f/dearpygui-1.9.1-cp311-cp311-win_amd64.whl", hash = "sha256:b687bfa9e5dd34cb84e144ad307ec4d0fa8ad7c43f37a0cbd68d018a93f0d240"},
    {url = "https://files.pythonhosted.org/packages/2e/8a/2ec5e8e98e0925d6b8c24a9430b14cb9b325d3da4080c593ca3d2e6334cc/dearpygui-1.9.1-cp39-cp39-macosx_11_0_arm64.whl", hash = "sha256:7646f0b80e0b94acd1e0232f32d5fe67b31d0e7b1921fb4947ee551d8b90ba86"},
    {url = "https://files.pythonhosted.org/packages/4b/4b/13e28c768d367e71ee42a6f4d35facf5524c1daa6c8cf11f6dd227616d98/dearpygui-1.9.1-cp310-cp310-win_amd64.whl", hash = "sha256:2982e456dbe2be5bf7e398af6e1f9ea16d8bfdc90e00d83b9c17c834d210cb7a"},
    {url = "https://files.pythonhosted.org/packages/64/53/994f42d43f3badf9b00d53bb59dcb8b5063c789bdc2084b4a90b7f7b1271/dearpygui-1.9.1-cp310-cp310-macosx_11_0_arm64.whl", hash = "sha256:0c7ce1000004078f4d6ceb26b99df17118ae6d412aba60d0b4b217588d3cbfc7"},
    {url = "https://files.pythonhosted.org/packages/81/fd/b6e6d5bb63855d392de61724730c610e9289b0a37346cf9babd9abc7473b/dearpygui-1.9.1-cp310-cp310-macosx_10_6_x86_64.whl", hash = "sha256:055d3399bdf0cfa03a06ceed2a213c304f7eea314bc57032d9a06b1e8f6ec400"},
    {url = "https://files.pythonhosted.org/packages/93/7b/044f55337b5635fcd445ebbe8c7d302f7974d0bc9d5845bdb6ce971dc2b0/dearpygui-1.9.1-cp39-cp39-macosx_10_6_x86_64.whl", hash = "sha256:069b557fd20cbbf0b13a0c41d16366eb7adb1c895fff1cd6653e472acee5ef5c"},
    {url = "https://files.pythonhosted.org/packages/9a/f4/0a03e855abb3188e04bb29a29358cb1c34690cd0c0442213d5c47c48a380/dearpygui-1.9.1-cp311-cp311-manylinux1_x86_64.whl", hash = "sha256:64cba064a5b6dac96abd8fb88fdb61842ca75668bdca364fbd52b9151adc6eb9"},
    {url = "https://files.pythonhosted.org/packages/a8/91/fd01641f583640ef6091c660684a201712b59a1f4d613e6eb0a383635d9f/dearpygui-1.9.1-cp310-cp310-manylinux1_x86_64.whl", hash = "sha256:5a006fe44590c362a03fe451237074ed99563d0334f1bc6ec6c7d498eca41e46"},
    {url = "https://files.pythonhosted.org/packages/ab/dc/e34eee64606856101040f599981d77b8ae1bf78a582c58497f296dbe146b/dearpygui-1.9.1-cp311-cp311-macosx_10_6_x86_64.whl", hash = "sha256:8a031bcd0e58083dd0f48ada33ec86a2379f47fc56d8e199aef481237ceda774"},
    {url = "https://files.pythonhosted.org/packages/b4/21/9f3cb3a3135bcfd44ce7ab84ce471c6feb13985a9baa45430f3a35278a42/dearpygui-1.9.1-cp311-cp311-macosx_11_0_arm64.whl", hash = "sha256:c16181743f79b2d2809d24e696a5e5144135ad61ee10072ce1430bc5724ee5c1"},
    {url = "https://files.pythonhosted.org/packages/ba/5f/2e5dea2cabf32519269132f4d98a1865614d36828d73492df0844b26de7d/dearpygui-1.9.1-cp38-cp38-win_amd64.whl", hash = "sha256:23b954f304bcf63e0c9aa5c16344f1d44e034ca5c6e0764e05bd1c0b0bd10173"},
    {url = "https://files.pythonhosted.org/packages/bb/77/feec912dedc2ca13c94083597368be7cac3fd7fe939ff6493e5e328c97ce/dearpygui-1.9.1-cp37-cp37m-manylinux1_x86_64.whl", hash = "sha256:10310d34ef998cc201b13915a8742d6a69bf32a17c999bea2abfdf12a14bce31"},
    {url = "https://files.pythonhosted.org/packages/e5/a4/ec93c1b4997decf64ac7970b1ddb4bf8ffb6faf4531c2e6741a1895aacf7/dearpygui-1.9.1-cp38-cp38-manylinux1_x86_64.whl", hash = "sha256:1a308bc9bc21830a5c4d3f205559741a29bc191283dfa4ed5d24ae23a1e93dc2"},
    {url = "https://files.pythonhosted.org/packages/f7/24/0074f06488e3a153c08dd40ed94a9e27f2a94b685b0511cb06fb239effa7/dearpygui-1.9.1-cp39-cp39-win_amd64.whl", hash = "sha256:caebf2e331a8d9f945806aaa2cd8a308cb2712c11b1484aee967ad031d79e0d1"},
]
"distlib 0.3.7" = [
    {url = "https://files.pythonhosted.org/packages/29/34/63be59bdf57b3a8a8dcc252ef45c40f3c018777dc8843d45dd9b869868f0/distlib-0.3.7.tar.gz", hash = "sha256:9dafe54b34a028eafd95039d5e5d4851a13734540f1331060d31c9916e7147a8"},
    {url = "https://files.pythonhosted.org/packages/43/a0/9ba967fdbd55293bacfc1507f58e316f740a3b231fc00e3d86dc39bc185a/distlib-0.3.7-py2.py3-none-any.whl", hash = "sha256:2e24928bc811348f0feb63014e97aaae3037f2cf48712d51ae61df7fd6075057"},
]
"exceptiongroup 1.1.2" = [
    {url = "https://files.pythonhosted.org/packages/55/09/5d2079ecab0ca483e527a1707a483562bdc17abf829d3e73f0c1a73b61c7/exceptiongroup-1.1.2.tar.gz", hash = "sha256:12c3e887d6485d16943a309616de20ae5582633e0a2eda17f4e10fd61c1e8af5"},
    {url = "https://files.pythonhosted.org/packages/fe/17/f43b7c9ccf399d72038042ee72785c305f6c6fdc6231942f8ab99d995742/exceptiongroup-1.1.2-py3-none-any.whl", hash = "sha256:e346e69d186172ca7cf029c8c1d16235aa0e04035e5750b4b95039e65204328f"},
]
"filelock 3.12.2" = [
    {url = "https://files.pythonhosted.org/packages/00/0b/c506e9e44e4c4b6c89fcecda23dc115bf8e7ff7eb127e0cb9c114cbc9a15/filelock-3.12.2.tar.gz", hash = "sha256:002740518d8aa59a26b0c76e10fb8c6e15eae825d34b6fdf670333fd7b938d81"},
    {url = "https://files.pythonhosted.org/packages/00/45/ec3407adf6f6b5bf867a4462b2b0af27597a26bd3cd6e2534cb6ab029938/filelock-3.12.2-py3-none-any.whl", hash = "sha256:cbb791cdea2a72f23da6ac5b5269ab0a0d161e9ef0100e653b69049a7706d1ec"},
]
"identify 2.5.26" = [
    {url = "https://files.pythonhosted.org/packages/63/53/6e728e41c2fc620f020cff3e9c8c36f24a1b9be5e983f1bc3778e8609a34/identify-2.5.26-py2.py3-none-any.whl", hash = "sha256:c22a8ead0d4ca11f1edd6c9418c3220669b3b7533ada0a0ffa6cc0ef85cf9b54"},
    {url = "https://files.pythonhosted.org/packages/93/1f/19d02def7b525871585516278838510b8ae618723e47500eff9fc67363ff/identify-2.5.26.tar.gz", hash = "sha256:7243800bce2f58404ed41b7c002e53d4d22bcf3ae1b7900c2d7aefd95394bf7f"},
]
"iniconfig 2.0.0" = [
    {url = "https://files.pythonhosted.org/packages/d7/4b/cbd8e699e64a6f16ca3a8220661b5f83792b3017d0f79807cb8708d33913/iniconfig-2.0.0.tar.gz", hash = "sha256:2d91e135bf72d31a410b17c16da610a82cb55f6b0477d1a902134b24a455b8b3"},
    {url = "https://files.pythonhosted.org/packages/ef/a6/62565a6e1cf69e10f5727360368e451d4b7f58beeac6173dc9db836a5b46/iniconfig-2.0.0-py3-none-any.whl", hash = "sha256:b6a85871a79d2e3b22d2d1b94ac2824226a63c6b741c88f7ae975f18b6778374"},
]
"mypy-extensions 1.0.0" = [
    {url = "https://files.pythonhosted.org/packages/2a/e2/5d3f6ada4297caebe1a2add3b126fe800c96f56dbe5d1988a2cbe0b267aa/mypy_extensions-1.0.0-py3-none-any.whl", hash = "sha256:4392f6c0eb8a5668a69e23d168ffa70f0be9ccfd32b5cc2d26a34ae5b844552d"},
    {url = "https://files.pythonhosted.org/packages/98/a4/1ab47638b92648243faf97a5aeb6ea83059cc3624972ab6b8d2316078d3f/mypy_extensions-1.0.0.tar.gz", hash = "sha256:75dbf8955dc00442a438fc4d0666508a9a97b6bd41aa2f0ffe9d2f2725af0782"},
]
"nodeenv 1.8.0" = [
    {url = "https://files.pythonhosted.org/packages/1a/e6/6d2ead760a9ddb35e65740fd5a57e46aadd7b0c49861ab24f94812797a1c/nodeenv-1.8.0-py2.py3-none-any.whl", hash = "sha256:df865724bb3c3adc86b3876fa209771517b0cfe596beff01a92700e0e8be4cec"},
    {url = "https://files.pythonhosted.org/packages/48/92/8e83a37d3f4e73c157f9fcf9fb98ca39bd94701a469dc093b34dca31df65/nodeenv-1.8.0.tar.gz", hash = "sha256:d51e0c37e64fbf47d017feac3145cdbb58836d7eee8c6f6d3b6880c5456227d2"},
]
"numpy 1.25.2" = [
    {url = "https://files.pythonhosted.org/packages/0f/a8/5057b97c395a710999b5697ffedd648caee82c24a29595952d26bd750155/numpy-1.25.2-cp39-cp39-macosx_11_0_arm64.whl", hash = "sha256:eb942bfb6f84df5ce05dbf4b46673ffed0d3da59f13635ea9b926af3deb76926"},
    {url = "https://files.pythonhosted.org/packages/11/58/e921b73d1a181d49fc5a797f5151b7be78cbc5b4483f8f6042e295b85c01/numpy-1.25.2-pp39-pypy39_pp73-macosx_10_9_x86_64.whl", hash = "sha256:1a1329e26f46230bf77b02cc19e900db9b52f398d6722ca853349a782d4cff55"},
    {url = "https://files.pythonhosted.org/packages/2c/53/9a023f6960ea6c8f66eafae774ba7ab1700fd987158df5aa9dbb28f98f8b/numpy-1.25.2-pp39-pypy39_pp73-manylinux_2_17_x86_64.manylinux2014_x86_64.whl", hash = "sha256:4c3abc71e8b6edba80a01a52e66d83c5d14433cbcd26a40c329ec7ed09f37901"},
    {url = "https://files.pythonhosted.org/packages/2d/2a/5d85ca5d889363ffdec3e3258c7bacdc655801787d004a55e04cf19eeb4a/numpy-1.25.2-pp39-pypy39_pp73-win_amd64.whl", hash = "sha256:1b9735c27cea5d995496f46a8b1cd7b408b3f34b6d50459d9ac8fe3a20cc17bf"},
    {url = "https://files.pythonhosted.org/packages/32/6a/65dbc57a89078af9ff8bfcd4c0761a50172d90192eaeb1b6f56e5fbf1c3d/numpy-1.25.2-cp311-cp311-manylinux_2_17_x86_64.manylinux2014_x86_64.whl", hash = "sha256:60e7f0f7f6d0eee8364b9a6304c2845b9c491ac706048c7e8cf47b83123b8dbf"},
    {url = "https://files.pythonhosted.org/packages/50/67/3e966d99a07d60a21a21d7ec016e9e4c2642a86fea251ec68677daf71d4d/numpy-1.25.2-cp311-cp311-manylinux_2_17_aarch64.manylinux2014_aarch64.whl", hash = "sha256:0d60fbae8e0019865fc4784745814cff1c421df5afee233db6d88ab4f14655a2"},
    {url = "https://files.pythonhosted.org/packages/5c/e4/990c6cb09f2cd1a3f53bcc4e489dad903faa01b058b625d84bb62d2e9391/numpy-1.25.2-cp311-cp311-win32.whl", hash = "sha256:5883c06bb92f2e6c8181df7b39971a5fb436288db58b5a1c3967702d4278691d"},
    {url = "https://files.pythonhosted.org/packages/63/bd/a1c256cdea5d99e2f7e1acc44fc287455420caeb2e97d43ff0dda908fae8/numpy-1.25.2-cp310-cp310-win32.whl", hash = "sha256:7dc869c0c75988e1c693d0e2d5b26034644399dd929bc049db55395b1379e044"},
    {url = "https://files.pythonhosted.org/packages/69/1f/c95b1108a9972a52d7b1b63ed8ca70466b59b8c1811bd121f1e667cc45d8/numpy-1.25.2-cp39-cp39-manylinux_2_17_x86_64.manylinux2014_x86_64.whl", hash = "sha256:d7806500e4f5bdd04095e849265e55de20d8cc4b661b038957354327f6d9b295"},
    {url = "https://files.pythonhosted.org/packages/6d/b6/94a587cd64ef090f844ab1d8c8f1af44d07be7387f5f1a40eb729a0ff9c9/numpy-1.25.2-cp39-cp39-manylinux_2_17_aarch64.manylinux2014_aarch64.whl", hash = "sha256:3e0746410e73384e70d286f93abf2520035250aad8c5714240b0492a7302fdca"},
    {url = "https://files.pythonhosted.org/packages/71/3c/3b1981c6a1986adc9ee7db760c0c34ea5b14ac3da9ecfcf1ea2a4ec6c398/numpy-1.25.2-cp310-cp310-manylinux_2_17_x86_64.manylinux2014_x86_64.whl", hash = "sha256:f08f2e037bba04e707eebf4bc934f1972a315c883a9e0ebfa8a7756eabf9e357"},
    {url = "https://files.pythonhosted.org/packages/72/b2/02770e60c4e2f7e158d923ab0dea4e9f146a2dbf267fec6d8dc61d475689/numpy-1.25.2-cp311-cp311-win_amd64.whl", hash = "sha256:5c97325a0ba6f9d041feb9390924614b60b99209a71a69c876f71052521d42a4"},
    {url = "https://files.pythonhosted.org/packages/73/6f/2a0d0ad31a588d303178d494787f921c246c6234eccced236866bc1beaa5/numpy-1.25.2-cp310-cp310-musllinux_1_1_x86_64.whl", hash = "sha256:bec1e7213c7cb00d67093247f8c4db156fd03075f49876957dca4711306d39c9"},
    {url = "https://files.pythonhosted.org/packages/81/e3/f562c2d76af16c1d79e73de04f9d08e5a7fd0e50ae12692acd4dbd2501f7/numpy-1.25.2-cp39-cp39-win32.whl", hash = "sha256:2792d23d62ec51e50ce4d4b7d73de8f67a2fd3ea710dcbc8563a51a03fb07b01"},
    {url = "https://files.pythonhosted.org/packages/86/a1/b8ef999c32f26a97b5f714887e21f96c12ae99a38583a0a96e65283ac0a1/numpy-1.25.2-cp311-cp311-macosx_11_0_arm64.whl", hash = "sha256:c5652ea24d33585ea39eb6a6a15dac87a1206a692719ff45d53c5282e66d4a8f"},
    {url = "https://files.pythonhosted.org/packages/8b/d9/22c304cd123e0a1b7d89213e50ed6ec4b22f07f1117d64d28f81c08be428/numpy-1.25.2-cp39-cp39-macosx_10_9_x86_64.whl", hash = "sha256:b79e513d7aac42ae918db3ad1341a015488530d0bb2a6abcbdd10a3a829ccfd3"},
    {url = "https://files.pythonhosted.org/packages/a0/41/8f53eff8e969dd8576ddfb45e7ed315407d27c7518ae49418be8ed532b07/numpy-1.25.2.tar.gz", hash = "sha256:fd608e19c8d7c55021dffd43bfe5492fab8cc105cc8986f813f8c3c048b38760"},
    {url = "https://files.pythonhosted.org/packages/b1/39/3f88e2bfac1fb510c112dc0c78a1e7cad8f3a2d75e714d1484a044c56682/numpy-1.25.2-cp310-cp310-manylinux_2_17_aarch64.manylinux2014_aarch64.whl", hash = "sha256:dfe4a913e29b418d096e696ddd422d8a5d13ffba4ea91f9f60440a3b759b0187"},
    {url = "https://files.pythonhosted.org/packages/b7/db/4d37359e2c9cf8bf071c08b8a6f7374648a5ab2e76e2e22e3b808f81d507/numpy-1.25.2-cp310-cp310-win_amd64.whl", hash = "sha256:834b386f2b8210dca38c71a6e0f4fd6922f7d3fcff935dbe3a570945acb1b545"},
    {url = "https://files.pythonhosted.org/packages/c3/ea/1d95b399078ecaa7b5d791e1fdbb3aee272077d9fd5fb499593c87dec5ea/numpy-1.25.2-cp310-cp310-macosx_11_0_arm64.whl", hash = "sha256:90319e4f002795ccfc9050110bbbaa16c944b1c37c0baeea43c5fb881693ae1f"},
    {url = "https://files.pythonhosted.org/packages/c9/57/3cb8131a0e6d559501e088d3e685f4122e9ff9104c4b63e4dfd3a577b491/numpy-1.25.2-cp311-cp311-macosx_10_9_x86_64.whl", hash = "sha256:c5462d19336db4560041517dbb7759c21d181a67cb01b36ca109b2ae37d32418"},
    {url = "https://files.pythonhosted.org/packages/cd/fe/e900cb2ebafae04b7570081cefc65b6fdd9e202b9b353572506cea5cafdf/numpy-1.25.2-cp311-cp311-musllinux_1_1_x86_64.whl", hash = "sha256:bb33d5a1cf360304754913a350edda36d5b8c5331a8237268c48f91253c3a364"},
    {url = "https://files.pythonhosted.org/packages/d3/76/fe6b9e75883d1f2bd3cd27cbc7307ec99a0cc76fa941937c177f464fd60a/numpy-1.25.2-cp39-cp39-musllinux_1_1_x86_64.whl", hash = "sha256:8b77775f4b7df768967a7c8b3567e309f617dd5e99aeb886fa14dc1a0791141f"},
    {url = "https://files.pythonhosted.org/packages/d5/50/8aedb5ff1460e7c8527af15c6326115009e7c270ec705487155b779ebabb/numpy-1.25.2-cp310-cp310-macosx_10_9_x86_64.whl", hash = "sha256:db3ccc4e37a6873045580d413fe79b68e47a681af8db2e046f1dacfa11f86eb3"},
    {url = "https://files.pythonhosted.org/packages/df/18/181fb40f03090c6fbd061bb8b1f4c32453f7c602b0dc7c08b307baca7cd7/numpy-1.25.2-cp39-cp39-win_amd64.whl", hash = "sha256:76b4115d42a7dfc5d485d358728cdd8719be33cc5ec6ec08632a5d6fca2ed380"},
]
"opencv-python 4.8.0.76" = [
    {url = "https://files.pythonhosted.org/packages/1c/1f/e2fecc126554b84ddea6a159564f3ee21ae9ce52148d72e0d66d655a511c/opencv_python-4.8.0.76-cp37-abi3-manylinux_2_17_aarch64.manylinux2014_aarch64.whl", hash = "sha256:93871871b1c9d6b125cddd45b0638a2fa01ee9fd37f5e428823f750e404f2f15"},
    {url = "https://files.pythonhosted.org/packages/32/72/03747a6820bc970aeb0b89e653d1084068ac1ed606a83d8b5ac6fc237c14/opencv-python-4.8.0.76.tar.gz", hash = "sha256:56d84c43ce800938b9b1ec74b33942b2edbcef3f70c2754eb9bfe5dff1ee3ace"},
    {url = "https://files.pythonhosted.org/packages/32/a6/4321f0f30ee11d6d85f49251d417f4e885fe7638b5ac50b7e3c80cccf141/opencv_python-4.8.0.76-cp37-abi3-macosx_11_0_arm64.whl", hash = "sha256:48eb3121d809a873086d6677565e3ac963e6946110d13cd115533fa70e2aa2eb"},
    {url = "https://files.pythonhosted.org/packages/71/c3/fec2c77982bd72fa4bbd9664919f268a62ec5dfbb104fe20eee089f86386/opencv_python-4.8.0.76-cp37-abi3-win32.whl", hash = "sha256:b2349dc9f97ed6c9ba163d0a7a24bcef9695a3e216cd143e92f1b9659c5d9a49"},
    {url = "https://files.pythonhosted.org/packages/8a/6f/8aa049b66bcba8b5a4dc872ecfdbcd8603a96704b070fde22222e479c3d7/opencv_python-4.8.0.76-cp37-abi3-macosx_10_16_x86_64.whl", hash = "sha256:67bce4b9aad307c98a9a07c6afb7de3a4e823c1f4991d6d8e88e229e7dfeee59"},
    {url = "https://files.pythonhosted.org/packages/f5/d0/2e455d894ec0d6527e662ad55e70c04f421ad83a6fd0a54c3dd73c411282/opencv_python-4.8.0.76-cp37-abi3-manylinux_2_17_x86_64.manylinux2014_x86_64.whl", hash = "sha256:9bcb4944211acf13742dbfd9d3a11dc4e36353ffa1746f2c7dcd6a01c32d1376"},
    {url = "https://files.pythonhosted.org/packages/fb/c4/f574ba6f04e6d7bf8c38d23e7a52389566dd7631fee0bcdd79ea07ef2dbf/opencv_python-4.8.0.76-cp37-abi3-win_amd64.whl", hash = "sha256:ba32cfa75a806abd68249699d34420737d27b5678553387fc5768747a6492147"},
]
"packaging 23.1" = [
    {url = "https://files.pythonhosted.org/packages/ab/c3/57f0601a2d4fe15de7a553c00adbc901425661bf048f2a22dfc500caf121/packaging-23.1-py3-none-any.whl", hash = "sha256:994793af429502c4ea2ebf6bf664629d07c1a9fe974af92966e4b8d2df7edc61"},
    {url = "https://files.pythonhosted.org/packages/b9/6c/7c6658d258d7971c5eb0d9b69fa9265879ec9a9158031206d47800ae2213/packaging-23.1.tar.gz", hash = "sha256:a392980d2b6cffa644431898be54b0045151319d1e7ec34f0cfed48767dd334f"},
]
"pathspec 0.11.2" = [
    {url = "https://files.pythonhosted.org/packages/a0/2a/bd167cdf116d4f3539caaa4c332752aac0b3a0cc0174cdb302ee68933e81/pathspec-0.11.2.tar.gz", hash = "sha256:e0d8d0ac2f12da61956eb2306b69f9469b42f4deb0f3cb6ed47b9cce9996ced3"},
    {url = "https://files.pythonhosted.org/packages/b4/2a/9b1be29146139ef459188f5e420a66e835dda921208db600b7037093891f/pathspec-0.11.2-py3-none-any.whl", hash = "sha256:1d6ed233af05e679efb96b1851550ea95bbb64b7c490b0f5aa52996c11e92a20"},
]
"platformdirs 3.10.0" = [
    {url = "https://files.pythonhosted.org/packages/14/51/fe5a0d6ea589f0d4a1b97824fb518962ad48b27cd346dcdfa2405187997a/platformdirs-3.10.0-py3-none-any.whl", hash = "sha256:d7c24979f292f916dc9cbf8648319032f551ea8c49a4c9bf2fb556a02070ec1d"},
    {url = "https://files.pythonhosted.org/packages/dc/99/c922839819f5d00d78b3a1057b5ceee3123c69b2216e776ddcb5a4c265ff/platformdirs-3.10.0.tar.gz", hash = "sha256:b45696dab2d7cc691a3226759c0d3b00c47c8b6e293d96f6436f733303f77f6d"},
]
"pluggy 1.2.0" = [
    {url = "https://files.pythonhosted.org/packages/51/32/4a79112b8b87b21450b066e102d6608907f4c885ed7b04c3fdb085d4d6ae/pluggy-1.2.0-py3-none-any.whl", hash = "sha256:c2fd55a7d7a3863cba1a013e4e2414658b1d07b6bc57b3919e0c63c9abb99849"},
    {url = "https://files.pythonhosted.org/packages/8a/42/8f2833655a29c4e9cb52ee8a2be04ceac61bcff4a680fb338cbd3d1e322d/pluggy-1.2.0.tar.gz", hash = "sha256:d12f0c4b579b15f5e054301bb226ee85eeeba08ffec228092f8defbaa3a4c4b3"},
]
"pre-commit 3.3.3" = [
    {url = "https://files.pythonhosted.org/packages/35/0e/564c71fe3cdf59a4acaaccaea354d066e5d9044eba564dac070bb2075432/pre_commit-3.3.3.tar.gz", hash = "sha256:a2256f489cd913d575c145132ae196fe335da32d91a8294b7afe6622335dd023"},
    {url = "https://files.pythonhosted.org/packages/e3/b7/1d145c985d8be9729672a45b8b8113030ad60dff45dec592efc4e5f5897a/pre_commit-3.3.3-py2.py3-none-any.whl", hash = "sha256:10badb65d6a38caff29703362271d7dca483d01da88f9d7e05d0b97171c136cb"},
]
"pytest 7.4.0" = [
    {url = "https://files.pythonhosted.org/packages/33/b2/741130cbcf2bbfa852ed95a60dc311c9e232c7ed25bac3d9b8880a8df4ae/pytest-7.4.0-py3-none-any.whl", hash = "sha256:78bf16451a2eb8c7a2ea98e32dc119fd2aa758f1d5d66dbf0a59d69a3969df32"},
    {url = "https://files.pythonhosted.org/packages/a7/f3/dadfbdbf6b6c8b5bd02adb1e08bc9fbb45ba51c68b0893fa536378cdf485/pytest-7.4.0.tar.gz", hash = "sha256:b4bf8c45bd59934ed84001ad51e11b4ee40d40a1229d2c79f9c592b0a3f6bd8a"},
]
"pyupgrade 3.10.1" = [
    {url = "https://files.pythonhosted.org/packages/30/2c/09e84c3e02846f7ac77bfa0607750f99cfc284bdfd379e2158010cfbd8f1/pyupgrade-3.10.1.tar.gz", hash = "sha256:1d8d138c2ccdd3c42b1419230ae036d5607dc69465a26feacc069642fc8d1b90"},
    {url = "https://files.pythonhosted.org/packages/82/46/050ffe4cfcab0ab5dea257fa92dfd39046fc059af38ac02ae49eeef916fb/pyupgrade-3.10.1-py2.py3-none-any.whl", hash = "sha256:f565b4d26daa46ed522e98746834e77e444269103f8bc04413d77dad95169a24"},
]
"pyyaml 6.0.1" = [
    {url = "https://files.pythonhosted.org/packages/02/74/b2320ebe006b6a521cf929c78f12a220b9db319b38165023623ed195654b/PyYAML-6.0.1-cp36-cp36m-macosx_10_9_x86_64.whl", hash = "sha256:50550eb667afee136e9a77d6dc71ae76a44df8b3e51e41b77f6de2932bfe0f47"},
    {url = "https://files.pythonhosted.org/packages/03/f7/4f8b71f3ce8cfb2c06e814aeda5b26ecc62ecb5cf85f5c8898be34e6eb6a/PyYAML-6.0.1-cp36-cp36m-manylinux_2_17_aarch64.manylinux2014_aarch64.whl", hash = "sha256:1fe35611261b29bd1de0070f0b2f47cb6ff71fa6595c077e42bd0c419fa27b98"},
    {url = "https://files.pythonhosted.org/packages/06/92/e0224aa6ebf9dc54a06a4609da37da40bb08d126f5535d81bff6b417b2ae/PyYAML-6.0.1-cp311-cp311-manylinux_2_17_s390x.manylinux2014_s390x.whl", hash = "sha256:062582fca9fabdd2c8b54a3ef1c978d786e0f6b3a1510e0ac93ef59e0ddae2bc"},
    {url = "https://files.pythonhosted.org/packages/0e/88/21b2f16cb2123c1e9375f2c93486e35fdc86e63f02e274f0e99c589ef153/PyYAML-6.0.1-cp39-cp39-macosx_11_0_arm64.whl", hash = "sha256:c8098ddcc2a85b61647b2590f825f3db38891662cfc2fc776415143f599bb859"},
    {url = "https://files.pythonhosted.org/packages/1e/ae/964ccb88a938f20ece5754878f182cfbd846924930d02d29d06af8d4c69e/PyYAML-6.0.1-cp37-cp37m-win_amd64.whl", hash = "sha256:4fb147e7a67ef577a588a0e2c17b6db51dda102c71de36f8549b6816a96e1867"},
    {url = "https://files.pythonhosted.org/packages/24/62/7fcc372442ec8ea331da18c24b13710e010c5073ab851ef36bf9dacb283f/PyYAML-6.0.1-cp39-cp39-win32.whl", hash = "sha256:faca3bdcf85b2fc05d06ff3fbc1f83e1391b3e724afa3feba7d13eeab355484c"},
    {url = "https://files.pythonhosted.org/packages/24/97/9b59b43431f98d01806b288532da38099cc6f2fea0f3d712e21e269c0279/PyYAML-6.0.1-cp310-cp310-win_amd64.whl", hash = "sha256:fd1592b3fdf65fff2ad0004b5e363300ef59ced41c2e6b3a99d4089fa8c5435d"},
    {url = "https://files.pythonhosted.org/packages/27/d5/fb4f7a3c96af89c214387af42c76117d2c2a0a40576e217632548a6e1aff/PyYAML-6.0.1-cp36-cp36m-win_amd64.whl", hash = "sha256:f22ac1c3cac4dbc50079e965eba2c1058622631e526bd9afd45fedd49ba781fa"},
    {url = "https://files.pythonhosted.org/packages/28/09/55f715ddbf95a054b764b547f617e22f1d5e45d83905660e9a088078fe67/PyYAML-6.0.1-cp311-cp311-macosx_11_0_arm64.whl", hash = "sha256:f003ed9ad21d6a4713f0a9b5a7a0a79e08dd0f221aff4525a2be4c346ee60aab"},
    {url = "https://files.pythonhosted.org/packages/29/0f/9782fa5b10152abf033aec56a601177ead85ee03b57781f2d9fced09eefc/PyYAML-6.0.1-cp38-cp38-win_amd64.whl", hash = "sha256:1e2722cc9fbb45d9b87631ac70924c11d3a401b2d7f410cc0e3bbf249f2dca62"},
    {url = "https://files.pythonhosted.org/packages/29/61/bf33c6c85c55bc45a29eee3195848ff2d518d84735eb0e2d8cb42e0d285e/PyYAML-6.0.1-cp310-cp310-manylinux_2_17_x86_64.manylinux2014_x86_64.whl", hash = "sha256:ba336e390cd8e4d1739f42dfe9bb83a3cc2e80f567d8805e11b46f4a943f5515"},
    {url = "https://files.pythonhosted.org/packages/41/9a/1c4c51f1a0d2b6fd805973701ab0ec84d5e622c5aaa573b0e1157f132809/PyYAML-6.0.1-cp36-cp36m-win32.whl", hash = "sha256:fca0e3a251908a499833aa292323f32437106001d436eca0e6e7833256674585"},
    {url = "https://files.pythonhosted.org/packages/4a/4b/c71ef18ef83c82f99e6da8332910692af78ea32bd1d1d76c9787dfa36aea/PyYAML-6.0.1-cp39-cp39-manylinux_2_17_s390x.manylinux2014_s390x.whl", hash = "sha256:b786eecbdf8499b9ca1d697215862083bd6d2a99965554781d0d8d1ad31e13a0"},
    {url = "https://files.pythonhosted.org/packages/4d/f1/08f06159739254c8947899c9fc901241614195db15ba8802ff142237664c/PyYAML-6.0.1-cp37-cp37m-manylinux_2_17_s390x.manylinux2014_s390x.whl", hash = "sha256:596106435fa6ad000c2991a98fa58eeb8656ef2325d7e158344fb33864ed87e3"},
    {url = "https://files.pythonhosted.org/packages/57/c5/5d09b66b41d549914802f482a2118d925d876dc2a35b2d127694c1345c34/PyYAML-6.0.1-cp39-cp39-macosx_10_9_x86_64.whl", hash = "sha256:9eb6caa9a297fc2c2fb8862bc5370d0303ddba53ba97e71f08023b6cd73d16a8"},
    {url = "https://files.pythonhosted.org/packages/5b/07/10033a403b23405a8fc48975444463d3d10a5c2736b7eb2550b07b367429/PyYAML-6.0.1-cp310-cp310-macosx_11_0_arm64.whl", hash = "sha256:fd66fc5d0da6d9815ba2cebeb4205f95818ff4b79c3ebe268e75d961704af52f"},
    {url = "https://files.pythonhosted.org/packages/5e/94/7d5ee059dfb92ca9e62f4057dcdec9ac08a9e42679644854dc01177f8145/PyYAML-6.0.1-cp311-cp311-manylinux_2_17_aarch64.manylinux2014_aarch64.whl", hash = "sha256:42f8152b8dbc4fe7d96729ec2b99c7097d656dc1213a3229ca5383f973a5ed6d"},
    {url = "https://files.pythonhosted.org/packages/62/2a/df7727c52e151f9e7b852d7d1580c37bd9e39b2f29568f0f81b29ed0abc2/PyYAML-6.0.1-cp36-cp36m-manylinux_2_17_x86_64.manylinux2014_x86_64.whl", hash = "sha256:afd7e57eddb1a54f0f1a974bc4391af8bcce0b444685d936840f125cf046d5bd"},
    {url = "https://files.pythonhosted.org/packages/73/9c/766e78d1efc0d1fca637a6b62cea1b4510a7fb93617eb805223294fef681/PyYAML-6.0.1-cp311-cp311-win32.whl", hash = "sha256:1635fd110e8d85d55237ab316b5b011de701ea0f29d07611174a1b42f1444741"},
    {url = "https://files.pythonhosted.org/packages/7b/5e/efd033ab7199a0b2044dab3b9f7a4f6670e6a52c089de572e928d2873b06/PyYAML-6.0.1-cp311-cp311-manylinux_2_17_x86_64.manylinux2014_x86_64.whl", hash = "sha256:d2b04aac4d386b172d5b9692e2d2da8de7bfb6c387fa4f801fbf6fb2e6ba4673"},
    {url = "https://files.pythonhosted.org/packages/7d/39/472f2554a0f1e825bd7c5afc11c817cd7a2f3657460f7159f691fbb37c51/PyYAML-6.0.1-cp39-cp39-manylinux_2_17_x86_64.manylinux2014_x86_64.whl", hash = "sha256:bc1bf2925a1ecd43da378f4db9e4f799775d6367bdb94671027b73b393a7c42c"},
    {url = "https://files.pythonhosted.org/packages/7f/5d/2779ea035ba1e533c32ed4a249b4e0448f583ba10830b21a3cddafe11a4e/PyYAML-6.0.1-cp38-cp38-macosx_10_9_x86_64.whl", hash = "sha256:1d4c7e777c441b20e32f52bd377e0c409713e8bb1386e1099c2415f26e479595"},
    {url = "https://files.pythonhosted.org/packages/84/4d/82704d1ab9290b03da94e6425f5e87396b999fd7eb8e08f3a92c158402bf/PyYAML-6.0.1-cp39-cp39-win_amd64.whl", hash = "sha256:510c9deebc5c0225e8c96813043e62b680ba2f9c50a08d3724c7f28a747d1486"},
    {url = "https://files.pythonhosted.org/packages/96/06/4beb652c0fe16834032e54f0956443d4cc797fe645527acee59e7deaa0a2/PyYAML-6.0.1-cp310-cp310-macosx_10_9_x86_64.whl", hash = "sha256:d858aa552c999bc8a8d57426ed01e40bef403cd8ccdd0fc5f6f04a00414cac2a"},
    {url = "https://files.pythonhosted.org/packages/ac/6c/967d91a8edf98d2b2b01d149bd9e51b8f9fb527c98d80ebb60c6b21d60c4/PyYAML-6.0.1-cp39-cp39-manylinux_2_17_aarch64.manylinux2014_aarch64.whl", hash = "sha256:5773183b6446b2c99bb77e77595dd486303b4faab2b086e7b17bc6bef28865f6"},
    {url = "https://files.pythonhosted.org/packages/b3/34/65bb4b2d7908044963ebf614fe0fdb080773fc7030d7e39c8d3eddcd4257/PyYAML-6.0.1-cp311-cp311-win_amd64.whl", hash = "sha256:bf07ee2fef7014951eeb99f56f39c9bb4af143d8aa3c21b1677805985307da34"},
    {url = "https://files.pythonhosted.org/packages/b6/a0/b6700da5d49e9fed49dc3243d3771b598dad07abb37cc32e524607f96adc/PyYAML-6.0.1-cp310-cp310-win32.whl", hash = "sha256:bd4af7373a854424dabd882decdc5579653d7868b8fb26dc7d0e99f823aa5924"},
    {url = "https://files.pythonhosted.org/packages/ba/91/090818dfa62e85181f3ae23dd1e8b7ea7f09684864a900cab72d29c57346/PyYAML-6.0.1-cp310-cp310-manylinux_2_17_s390x.manylinux2014_s390x.whl", hash = "sha256:81e0b275a9ecc9c0c0c07b4b90ba548307583c125f54d5b6946cfee6360c733d"},
    {url = "https://files.pythonhosted.org/packages/c1/39/47ed4d65beec9ce07267b014be85ed9c204fa373515355d3efa62d19d892/PyYAML-6.0.1-cp38-cp38-manylinux_2_17_s390x.manylinux2014_s390x.whl", hash = "sha256:28c119d996beec18c05208a8bd78cbe4007878c6dd15091efb73a30e90539696"},
    {url = "https://files.pythonhosted.org/packages/c7/d1/02baa09d39b1bb1ebaf0d850d106d1bdcb47c91958557f471153c49dc03b/PyYAML-6.0.1-cp37-cp37m-macosx_10_9_x86_64.whl", hash = "sha256:b1275ad35a5d18c62a7220633c913e1b42d44b46ee12554e5fd39c70a243d6a3"},
    {url = "https://files.pythonhosted.org/packages/c8/6b/6600ac24725c7388255b2f5add93f91e58a5d7efaf4af244fdbcc11a541b/PyYAML-6.0.1-cp38-cp38-manylinux_2_17_x86_64.manylinux2014_x86_64.whl", hash = "sha256:7e07cbde391ba96ab58e532ff4803f79c4129397514e1413a7dc761ccd755735"},
    {url = "https://files.pythonhosted.org/packages/cc/5c/fcabd17918348c7db2eeeb0575705aaf3f7ab1657f6ce29b2e31737dd5d1/PyYAML-6.0.1-cp37-cp37m-win32.whl", hash = "sha256:9046c58c4395dff28dd494285c82ba00b546adfc7ef001486fbf0324bc174fba"},
    {url = "https://files.pythonhosted.org/packages/cd/e5/af35f7ea75cf72f2cd079c95ee16797de7cd71f29ea7c68ae5ce7be1eda0/PyYAML-6.0.1.tar.gz", hash = "sha256:bfdf460b1736c775f2ba9f6a92bca30bc2095067b8a9d77876d1fad6cc3b4a43"},
    {url = "https://files.pythonhosted.org/packages/d6/6a/439d1a6f834b9a9db16332ce16c4a96dd0e3970b65fe08cbecd1711eeb77/PyYAML-6.0.1-cp38-cp38-win32.whl", hash = "sha256:184c5108a2aca3c5b3d3bf9395d50893a7ab82a38004c8f61c258d4428e80206"},
    {url = "https://files.pythonhosted.org/packages/d7/8f/db62b0df635b9008fe90aa68424e99cee05e68b398740c8a666a98455589/PyYAML-6.0.1-cp37-cp37m-manylinux_2_17_x86_64.manylinux2014_x86_64.whl", hash = "sha256:baa90d3f661d43131ca170712d903e6295d1f7a0f595074f151c0aed377c9b9c"},
    {url = "https://files.pythonhosted.org/packages/e1/a1/27bfac14b90adaaccf8c8289f441e9f76d94795ec1e7a8f134d9f2cb3d0b/PyYAML-6.0.1-cp38-cp38-manylinux_2_17_aarch64.manylinux2014_aarch64.whl", hash = "sha256:a0cd17c15d3bb3fa06978b4e8958dcdc6e0174ccea823003a106c7d4d7899ac5"},
    {url = "https://files.pythonhosted.org/packages/e5/31/ba812efa640a264dbefd258986a5e4e786230cb1ee4a9f54eb28ca01e14a/PyYAML-6.0.1-cp37-cp37m-manylinux_2_17_aarch64.manylinux2014_aarch64.whl", hash = "sha256:18aeb1bf9a78867dc38b259769503436b7c72f7a1f1f4c93ff9a17de54319b27"},
    {url = "https://files.pythonhosted.org/packages/ec/0d/26fb23e8863e0aeaac0c64e03fd27367ad2ae3f3cccf3798ee98ce160368/PyYAML-6.0.1-cp311-cp311-macosx_10_9_x86_64.whl", hash = "sha256:6965a7bc3cf88e5a1c3bd2e0b5c22f8d677dc88a455344035f03399034eb3007"},
    {url = "https://files.pythonhosted.org/packages/f1/26/55e4f21db1f72eaef092015d9017c11510e7e6301c62a6cfee91295d13c6/PyYAML-6.0.1-cp310-cp310-manylinux_2_17_aarch64.manylinux2014_aarch64.whl", hash = "sha256:69b023b2b4daa7548bcfbd4aa3da05b3a74b772db9e23b982788168117739938"},
    {url = "https://files.pythonhosted.org/packages/fe/88/def2e57fe740544f2eefb1645f1d6e0094f56c00f4eade708140b6137ead/PyYAML-6.0.1-cp36-cp36m-manylinux_2_17_s390x.manylinux2014_s390x.whl", hash = "sha256:704219a11b772aea0d8ecd7058d0082713c3562b4e271b849ad7dc4a5c90c13c"},
]
"setuptools 68.0.0" = [
    {url = "https://files.pythonhosted.org/packages/c7/42/be1c7bbdd83e1bfb160c94b9cafd8e25efc7400346cf7ccdbdb452c467fa/setuptools-68.0.0-py3-none-any.whl", hash = "sha256:11e52c67415a381d10d6b462ced9cfb97066179f0e871399e006c4ab101fc85f"},
    {url = "https://files.pythonhosted.org/packages/dc/98/5f896af066c128669229ff1aa81553ac14cfb3e5e74b6b44594132b8540e/setuptools-68.0.0.tar.gz", hash = "sha256:baf1fdb41c6da4cd2eae722e135500da913332ab3f2f5c7d33af9b492acb5235"},
]
"tokenize-rt 5.2.0" = [
    {url = "https://files.pythonhosted.org/packages/23/9c/1405c291295e26f94475bd76ba581e216b62389be28b031a98e370f981bb/tokenize_rt-5.2.0.tar.gz", hash = "sha256:9fe80f8a5c1edad2d3ede0f37481cc0cc1538a2f442c9c2f9e4feacd2792d054"},
    {url = "https://files.pythonhosted.org/packages/8d/35/78f03aa48cfebd13646707f64477bc7eacf1081edcdcd1b4d57cb1b5d0a8/tokenize_rt-5.2.0-py2.py3-none-any.whl", hash = "sha256:b79d41a65cfec71285433511b50271b05da3584a1da144a0752e9c621a285289"},
]
"tomli 2.0.1" = [
    {url = "https://files.pythonhosted.org/packages/97/75/10a9ebee3fd790d20926a90a2547f0bf78f371b2f13aa822c759680ca7b9/tomli-2.0.1-py3-none-any.whl", hash = "sha256:939de3e7a6161af0c887ef91b7d41a53e7c5a1ca976325f429cb46ea9bc30ecc"},
    {url = "https://files.pythonhosted.org/packages/c0/3f/d7af728f075fb08564c5949a9c95e44352e23dee646869fa104a3b2060a3/tomli-2.0.1.tar.gz", hash = "sha256:de526c12914f0c550d15924c62d72abc48d6fe7364aa87328337a31007fe8a4f"},
]
"virtualenv 20.24.2" = [
    {url = "https://files.pythonhosted.org/packages/14/19/e266f07cf55155d5f45170bbe08c486d8a9a9ae17bc8983acb1c019a8dd4/virtualenv-20.24.2-py3-none-any.whl", hash = "sha256:43a3052be36080548bdee0b42919c88072037d50d56c28bd3f853cbe92b953ff"},
    {url = "https://files.pythonhosted.org/packages/ea/3a/9e31ffe1d38f2ca7e249445783651548103237b29dd6389c104ff0feef93/virtualenv-20.24.2.tar.gz", hash = "sha256:fd8a78f46f6b99a67b7ec5cf73f92357891a7b3a40fd97637c27f854aae3b9e0"},
]
